// !$*UTF8*$!
{
	archiveVersion = 1;
	classes = {
	};
	objectVersion = 46;
	objects = {

/* Begin PBXBuildFile section */
		1DDD58160DA1D0A300B32029 /* MainMenu.xib in Resources */ = {isa = PBXBuildFile; fileRef = 1DDD58140DA1D0A300B32029 /* MainMenu.xib */; };
		256AC3DA0F4B6AC300CF3369 /* EdgeBundlingAppDelegate.m in Sources */ = {isa = PBXBuildFile; fileRef = 256AC3D90F4B6AC300CF3369 /* EdgeBundlingAppDelegate.m */; };
		8D11072B0486CEB800E47090 /* InfoPlist.strings in Resources */ = {isa = PBXBuildFile; fileRef = 089C165CFE840E0CC02AAC07 /* InfoPlist.strings */; };
		8D11072D0486CEB800E47090 /* main.m in Sources */ = {isa = PBXBuildFile; fileRef = 29B97316FDCFA39411CA2CEA /* main.m */; settings = {ATTRIBUTES = (); }; };
		8D11072F0486CEB800E47090 /* Cocoa.framework in Frameworks */ = {isa = PBXBuildFile; fileRef = 1058C7A1FEA54F0111CA2CBB /* Cocoa.framework */; };
		A1239893129B18380042D80B /* DSBundledGraph.m in Sources */ = {isa = PBXBuildFile; fileRef = A1239892129B18380042D80B /* DSBundledGraph.m */; };
		A128608312BB15F9002CA7B1 /* DSBundledGraphOpenGLView.m in Sources */ = {isa = PBXBuildFile; fileRef = A128608212BB15F9002CA7B1 /* DSBundledGraphOpenGLView.m */; };
		A12860A912BB19D7002CA7B1 /* OpenGL.framework in Frameworks */ = {isa = PBXBuildFile; fileRef = A12860A812BB19D7002CA7B1 /* OpenGL.framework */; };
		A12F434B12A1854B00618E8E /* NSPointExtensions.m in Sources */ = {isa = PBXBuildFile; fileRef = A12F434A12A1854B00618E8E /* NSPointExtensions.m */; };
		A14BD88912B81572000818C0 /* OpenCL.framework in Frameworks */ = {isa = PBXBuildFile; fileRef = A14BD88812B81572000818C0 /* OpenCL.framework */; };
		A16ECC7E132DF0A5006051C5 /* EdgeKernels.cl in CopyFiles */ = {isa = PBXBuildFile; fileRef = A14BD86112B80B96000818C0 /* EdgeKernels.cl */; };
		A16ECC7F132DF130006051C5 /* WheatBundle.icns in Resources */ = {isa = PBXBuildFile; fileRef = A18F068A12ADE20400E589B5 /* WheatBundle.icns */; };
		A188882213D4B16D00561CEE /* Credits.rtf in Resources */ = {isa = PBXBuildFile; fileRef = A188882113D4B16D00561CEE /* Credits.rtf */; };
		A19F952D1337F4FC00409528 /* DefaultPreferences.plist in Resources */ = {isa = PBXBuildFile; fileRef = A19F952C1337F4FC00409528 /* DefaultPreferences.plist */; };
		A1B2C63612D3C03E00E4AF9F /* DSGraphProvider.m in Sources */ = {isa = PBXBuildFile; fileRef = A1B2C63512D3C03E00E4AF9F /* DSGraphProvider.m */; };
/* End PBXBuildFile section */

/* Begin PBXCopyFilesBuildPhase section */
		A16ECC7A132DF051006051C5 /* CopyFiles */ = {
			isa = PBXCopyFilesBuildPhase;
			buildActionMask = 2147483647;
			dstPath = "";
			dstSubfolderSpec = 7;
			files = (
				A16ECC7E132DF0A5006051C5 /* EdgeKernels.cl in CopyFiles */,
			);
			runOnlyForDeploymentPostprocessing = 0;
		};
/* End PBXCopyFilesBuildPhase section */

/* Begin PBXFileReference section */
		089C165DFE840E0CC02AAC07 /* English */ = {isa = PBXFileReference; fileEncoding = 4; lastKnownFileType = text.plist.strings; name = English; path = English.lproj/InfoPlist.strings; sourceTree = "<group>"; };
		1058C7A1FEA54F0111CA2CBB /* Cocoa.framework */ = {isa = PBXFileReference; lastKnownFileType = wrapper.framework; name = Cocoa.framework; path = /System/Library/Frameworks/Cocoa.framework; sourceTree = "<absolute>"; };
		13E42FB307B3F0F600E4EEF1 /* CoreData.framework */ = {isa = PBXFileReference; lastKnownFileType = wrapper.framework; name = CoreData.framework; path = /System/Library/Frameworks/CoreData.framework; sourceTree = "<absolute>"; };
		1DDD58150DA1D0A300B32029 /* English */ = {isa = PBXFileReference; lastKnownFileType = file.xib; name = English; path = English.lproj/MainMenu.xib; sourceTree = "<group>"; };
		256AC3D80F4B6AC300CF3369 /* EdgeBundlingAppDelegate.h */ = {isa = PBXFileReference; fileEncoding = 4; lastKnownFileType = sourcecode.c.h; path = EdgeBundlingAppDelegate.h; sourceTree = "<group>"; };
		256AC3D90F4B6AC300CF3369 /* EdgeBundlingAppDelegate.m */ = {isa = PBXFileReference; fileEncoding = 4; lastKnownFileType = sourcecode.c.objc; path = EdgeBundlingAppDelegate.m; sourceTree = "<group>"; };
		256AC3F00F4B6AF500CF3369 /* EdgeBundling_Prefix.pch */ = {isa = PBXFileReference; fileEncoding = 4; lastKnownFileType = sourcecode.c.h; path = EdgeBundling_Prefix.pch; sourceTree = "<group>"; };
		29B97316FDCFA39411CA2CEA /* main.m */ = {isa = PBXFileReference; fileEncoding = 4; lastKnownFileType = sourcecode.c.objc; path = main.m; sourceTree = "<group>"; };
		29B97324FDCFA39411CA2CEA /* AppKit.framework */ = {isa = PBXFileReference; lastKnownFileType = wrapper.framework; name = AppKit.framework; path = /System/Library/Frameworks/AppKit.framework; sourceTree = "<absolute>"; };
		29B97325FDCFA39411CA2CEA /* Foundation.framework */ = {isa = PBXFileReference; lastKnownFileType = wrapper.framework; name = Foundation.framework; path = /System/Library/Frameworks/Foundation.framework; sourceTree = "<absolute>"; };
		8D1107310486CEB800E47090 /* EdgeBundling-Info.plist */ = {isa = PBXFileReference; fileEncoding = 4; lastKnownFileType = text.plist.xml; path = "EdgeBundling-Info.plist"; sourceTree = "<group>"; };
		8D1107320486CEB800E47090 /* EdgeBundling.app */ = {isa = PBXFileReference; explicitFileType = wrapper.application; includeInIndex = 0; path = EdgeBundling.app; sourceTree = BUILT_PRODUCTS_DIR; };
		A1239891129B18380042D80B /* DSBundledGraph.h */ = {isa = PBXFileReference; fileEncoding = 4; lastKnownFileType = sourcecode.c.h; path = DSBundledGraph.h; sourceTree = "<group>"; };
		A1239892129B18380042D80B /* DSBundledGraph.m */ = {isa = PBXFileReference; fileEncoding = 4; lastKnownFileType = sourcecode.c.objc; path = DSBundledGraph.m; sourceTree = "<group>"; };
		A128605512BB13E8002CA7B1 /* DSGraphProvider.h */ = {isa = PBXFileReference; fileEncoding = 4; lastKnownFileType = sourcecode.c.h; path = DSGraphProvider.h; sourceTree = "<group>"; };
		A128608112BB15F9002CA7B1 /* DSBundledGraphOpenGLView.h */ = {isa = PBXFileReference; fileEncoding = 4; lastKnownFileType = sourcecode.c.h; path = DSBundledGraphOpenGLView.h; sourceTree = "<group>"; };
		A128608212BB15F9002CA7B1 /* DSBundledGraphOpenGLView.m */ = {isa = PBXFileReference; fileEncoding = 4; lastKnownFileType = sourcecode.c.objc; path = DSBundledGraphOpenGLView.m; sourceTree = "<group>"; };
		A12860A812BB19D7002CA7B1 /* OpenGL.framework */ = {isa = PBXFileReference; lastKnownFileType = wrapper.framework; name = OpenGL.framework; path = System/Library/Frameworks/OpenGL.framework; sourceTree = SDKROOT; };
		A12F434912A1854B00618E8E /* NSPointExtensions.h */ = {isa = PBXFileReference; fileEncoding = 4; lastKnownFileType = sourcecode.c.h; path = NSPointExtensions.h; sourceTree = "<group>"; };
		A12F434A12A1854B00618E8E /* NSPointExtensions.m */ = {isa = PBXFileReference; fileEncoding = 4; lastKnownFileType = sourcecode.c.objc; path = NSPointExtensions.m; sourceTree = "<group>"; };
		A14BD86112B80B96000818C0 /* EdgeKernels.cl */ = {isa = PBXFileReference; explicitFileType = sourcecode.opencl; fileEncoding = 4; path = EdgeKernels.cl; sourceTree = "<group>"; xcLanguageSpecificationIdentifier = xcode.lang.c; };
		A14BD88812B81572000818C0 /* OpenCL.framework */ = {isa = PBXFileReference; lastKnownFileType = wrapper.framework; name = OpenCL.framework; path = System/Library/Frameworks/OpenCL.framework; sourceTree = SDKROOT; };
		A188882113D4B16D00561CEE /* Credits.rtf */ = {isa = PBXFileReference; fileEncoding = 4; lastKnownFileType = text.rtf; path = Credits.rtf; sourceTree = "<group>"; };
		A18F068A12ADE20400E589B5 /* WheatBundle.icns */ = {isa = PBXFileReference; lastKnownFileType = image.icns; path = WheatBundle.icns; sourceTree = "<group>"; };
		A19F952C1337F4FC00409528 /* DefaultPreferences.plist */ = {isa = PBXFileReference; fileEncoding = 4; lastKnownFileType = text.plist.xml; path = DefaultPreferences.plist; sourceTree = "<group>"; };
		A1B2C63512D3C03E00E4AF9F /* DSGraphProvider.m */ = {isa = PBXFileReference; fileEncoding = 4; lastKnownFileType = sourcecode.c.objc; path = DSGraphProvider.m; sourceTree = "<group>"; };
		A1C7D46312BB3ECC001FD8BE /* DSBundledGraphViewer.h */ = {isa = PBXFileReference; fileEncoding = 4; lastKnownFileType = sourcecode.c.h; path = DSBundledGraphViewer.h; sourceTree = "<group>"; };
/* End PBXFileReference section */

/* Begin PBXFrameworksBuildPhase section */
		8D11072E0486CEB800E47090 /* Frameworks */ = {
			isa = PBXFrameworksBuildPhase;
			buildActionMask = 2147483647;
			files = (
				8D11072F0486CEB800E47090 /* Cocoa.framework in Frameworks */,
				A14BD88912B81572000818C0 /* OpenCL.framework in Frameworks */,
				A12860A912BB19D7002CA7B1 /* OpenGL.framework in Frameworks */,
			);
			runOnlyForDeploymentPostprocessing = 0;
		};
/* End PBXFrameworksBuildPhase section */

/* Begin PBXGroup section */
		080E96DDFE201D6D7F000001 /* Classes */ = {
			isa = PBXGroup;
			children = (
				256AC3D80F4B6AC300CF3369 /* EdgeBundlingAppDelegate.h */,
				256AC3D90F4B6AC300CF3369 /* EdgeBundlingAppDelegate.m */,
				A1239891129B18380042D80B /* DSBundledGraph.h */,
				A1239892129B18380042D80B /* DSBundledGraph.m */,
				A128608112BB15F9002CA7B1 /* DSBundledGraphOpenGLView.h */,
				A128608212BB15F9002CA7B1 /* DSBundledGraphOpenGLView.m */,
			);
			name = Classes;
			sourceTree = "<group>";
		};
		1058C7A0FEA54F0111CA2CBB /* Linked Frameworks */ = {
			isa = PBXGroup;
			children = (
				A14BD88812B81572000818C0 /* OpenCL.framework */,
				1058C7A1FEA54F0111CA2CBB /* Cocoa.framework */,
				A12860A812BB19D7002CA7B1 /* OpenGL.framework */,
			);
			name = "Linked Frameworks";
			sourceTree = "<group>";
		};
		1058C7A2FEA54F0111CA2CBB /* Other Frameworks */ = {
			isa = PBXGroup;
			children = (
				29B97324FDCFA39411CA2CEA /* AppKit.framework */,
				13E42FB307B3F0F600E4EEF1 /* CoreData.framework */,
				29B97325FDCFA39411CA2CEA /* Foundation.framework */,
			);
			name = "Other Frameworks";
			sourceTree = "<group>";
		};
		19C28FACFE9D520D11CA2CBB /* Products */ = {
			isa = PBXGroup;
			children = (
				8D1107320486CEB800E47090 /* EdgeBundling.app */,
			);
			name = Products;
			sourceTree = "<group>";
		};
		29B97314FDCFA39411CA2CEA /* EdgeBundling */ = {
			isa = PBXGroup;
			children = (
				080E96DDFE201D6D7F000001 /* Classes */,
				29B97315FDCFA39411CA2CEA /* Other Sources */,
				29B97317FDCFA39411CA2CEA /* Resources */,
				29B97323FDCFA39411CA2CEA /* Frameworks */,
				19C28FACFE9D520D11CA2CBB /* Products */,
			);
			name = EdgeBundling;
			sourceTree = "<group>";
		};
		29B97315FDCFA39411CA2CEA /* Other Sources */ = {
			isa = PBXGroup;
			children = (
				256AC3F00F4B6AF500CF3369 /* EdgeBundling_Prefix.pch */,
				29B97316FDCFA39411CA2CEA /* main.m */,
				A12F434912A1854B00618E8E /* NSPointExtensions.h */,
				A12F434A12A1854B00618E8E /* NSPointExtensions.m */,
				A128605512BB13E8002CA7B1 /* DSGraphProvider.h */,
				A1B2C63512D3C03E00E4AF9F /* DSGraphProvider.m */,
				A1C7D46312BB3ECC001FD8BE /* DSBundledGraphViewer.h */,
			);
			name = "Other Sources";
			sourceTree = "<group>";
		};
		29B97317FDCFA39411CA2CEA /* Resources */ = {
			isa = PBXGroup;
			children = (
				A14BD86112B80B96000818C0 /* EdgeKernels.cl */,
				A18F068A12ADE20400E589B5 /* WheatBundle.icns */,
				8D1107310486CEB800E47090 /* EdgeBundling-Info.plist */,
				089C165CFE840E0CC02AAC07 /* InfoPlist.strings */,
				1DDD58140DA1D0A300B32029 /* MainMenu.xib */,
				A19F952C1337F4FC00409528 /* DefaultPreferences.plist */,
				A188882113D4B16D00561CEE /* Credits.rtf */,
			);
			name = Resources;
			sourceTree = "<group>";
		};
		29B97323FDCFA39411CA2CEA /* Frameworks */ = {
			isa = PBXGroup;
			children = (
				1058C7A0FEA54F0111CA2CBB /* Linked Frameworks */,
				1058C7A2FEA54F0111CA2CBB /* Other Frameworks */,
			);
			name = Frameworks;
			sourceTree = "<group>";
		};
/* End PBXGroup section */

/* Begin PBXNativeTarget section */
		8D1107260486CEB800E47090 /* EdgeBundling */ = {
			isa = PBXNativeTarget;
			buildConfigurationList = C01FCF4A08A954540054247B /* Build configuration list for PBXNativeTarget "EdgeBundling" */;
			buildPhases = (
				8D1107290486CEB800E47090 /* Resources */,
				8D11072C0486CEB800E47090 /* Sources */,
				8D11072E0486CEB800E47090 /* Frameworks */,
				A16ECC7A132DF051006051C5 /* CopyFiles */,
			);
			buildRules = (
			);
			dependencies = (
			);
			name = EdgeBundling;
			productInstallPath = "$(HOME)/Applications";
			productName = EdgeBundling;
			productReference = 8D1107320486CEB800E47090 /* EdgeBundling.app */;
			productType = "com.apple.product-type.application";
		};
/* End PBXNativeTarget section */

/* Begin PBXProject section */
		29B97313FDCFA39411CA2CEA /* Project object */ = {
			isa = PBXProject;
			attributes = {
				LastUpgradeCheck = 0410;
			};
			buildConfigurationList = C01FCF4E08A954540054247B /* Build configuration list for PBXProject "EdgeBundling" */;
			compatibilityVersion = "Xcode 3.2";
			developmentRegion = English;
			hasScannedForEncodings = 1;
			knownRegions = (
				English,
				Japanese,
				French,
				German,
			);
			mainGroup = 29B97314FDCFA39411CA2CEA /* EdgeBundling */;
			projectDirPath = "";
			projectRoot = "";
			targets = (
				8D1107260486CEB800E47090 /* EdgeBundling */,
			);
		};
/* End PBXProject section */

/* Begin PBXResourcesBuildPhase section */
		8D1107290486CEB800E47090 /* Resources */ = {
			isa = PBXResourcesBuildPhase;
			buildActionMask = 2147483647;
			files = (
				8D11072B0486CEB800E47090 /* InfoPlist.strings in Resources */,
				1DDD58160DA1D0A300B32029 /* MainMenu.xib in Resources */,
				A16ECC7F132DF130006051C5 /* WheatBundle.icns in Resources */,
				A19F952D1337F4FC00409528 /* DefaultPreferences.plist in Resources */,
				A188882213D4B16D00561CEE /* Credits.rtf in Resources */,
			);
			runOnlyForDeploymentPostprocessing = 0;
		};
/* End PBXResourcesBuildPhase section */

/* Begin PBXSourcesBuildPhase section */
		8D11072C0486CEB800E47090 /* Sources */ = {
			isa = PBXSourcesBuildPhase;
			buildActionMask = 2147483647;
			files = (
				8D11072D0486CEB800E47090 /* main.m in Sources */,
				256AC3DA0F4B6AC300CF3369 /* EdgeBundlingAppDelegate.m in Sources */,
				A1239893129B18380042D80B /* DSBundledGraph.m in Sources */,
				A12F434B12A1854B00618E8E /* NSPointExtensions.m in Sources */,
				A128608312BB15F9002CA7B1 /* DSBundledGraphOpenGLView.m in Sources */,
				A1B2C63612D3C03E00E4AF9F /* DSGraphProvider.m in Sources */,
			);
			runOnlyForDeploymentPostprocessing = 0;
		};
/* End PBXSourcesBuildPhase section */

/* Begin PBXVariantGroup section */
		089C165CFE840E0CC02AAC07 /* InfoPlist.strings */ = {
			isa = PBXVariantGroup;
			children = (
				089C165DFE840E0CC02AAC07 /* English */,
			);
			name = InfoPlist.strings;
			sourceTree = "<group>";
		};
		1DDD58140DA1D0A300B32029 /* MainMenu.xib */ = {
			isa = PBXVariantGroup;
			children = (
				1DDD58150DA1D0A300B32029 /* English */,
			);
			name = MainMenu.xib;
			sourceTree = "<group>";
		};
/* End PBXVariantGroup section */

/* Begin XCBuildConfiguration section */
		C01FCF4B08A954540054247B /* Debug */ = {
			isa = XCBuildConfiguration;
			buildSettings = {
				ALWAYS_SEARCH_USER_PATHS = NO;
				COPY_PHASE_STRIP = NO;
				GCC_DYNAMIC_NO_PIC = NO;
				GCC_OPTIMIZATION_LEVEL = 0;
				GCC_PRECOMPILE_PREFIX_HEADER = YES;
				GCC_PREFIX_HEADER = EdgeBundling_Prefix.pch;
				INFOPLIST_FILE = "EdgeBundling-Info.plist";
				LIBRARY_SEARCH_PATHS = (
					"$(inherited)",
					"\"$(SRCROOT)\"",
				);
				PRODUCT_NAME = EdgeBundling;
			};
			name = Debug;
		};
		C01FCF4C08A954540054247B /* Release */ = {
			isa = XCBuildConfiguration;
			buildSettings = {
				ALWAYS_SEARCH_USER_PATHS = NO;
				DEBUG_INFORMATION_FORMAT = "dwarf-with-dsym";
				GCC_PRECOMPILE_PREFIX_HEADER = YES;
				GCC_PREFIX_HEADER = EdgeBundling_Prefix.pch;
				INFOPLIST_FILE = "EdgeBundling-Info.plist";
				LIBRARY_SEARCH_PATHS = (
					"$(inherited)",
					"\"$(SRCROOT)\"",
				);
				PRODUCT_NAME = EdgeBundling;
			};
			name = Release;
		};
		C01FCF4F08A954540054247B /* Debug */ = {
			isa = XCBuildConfiguration;
			buildSettings = {
				ARCHS = "$(ARCHS_STANDARD_32_64_BIT)";
				GCC_OPTIMIZATION_LEVEL = 0;
				GCC_VERSION = com.apple.compilers.llvm.clang.1_0;
				ONLY_ACTIVE_ARCH = YES;
				OTHER_LDFLAGS = (
					"-lz",
					"-lcrypto",
				);
				SDKROOT = macosx;
			};
			name = Debug;
		};
		C01FCF5008A954540054247B /* Release */ = {
			isa = XCBuildConfiguration;
			buildSettings = {
				ARCHS = "$(ARCHS_STANDARD_32_64_BIT)";
				GCC_VERSION = com.apple.compilers.llvm.clang.1_0;
				OTHER_LDFLAGS = (
					"-lz",
					"-lcrypto",
				);
				SDKROOT = macosx;
			};
			name = Release;
		};
/* End XCBuildConfiguration section */

/* Begin XCConfigurationList section */
		C01FCF4A08A954540054247B /* Build configuration list for PBXNativeTarget "EdgeBundling" */ = {
			isa = XCConfigurationList;
			buildConfigurations = (
				C01FCF4B08A954540054247B /* Debug */,
				C01FCF4C08A954540054247B /* Release */,
			);
			defaultConfigurationIsVisible = 0;
			defaultConfigurationName = Release;
		};
		C01FCF4E08A954540054247B /* Build configuration list for PBXProject "EdgeBundling" */ = {
			isa = XCConfigurationList;
			buildConfigurations = (
				C01FCF4F08A954540054247B /* Debug */,
				C01FCF5008A954540054247B /* Release */,
			);
			defaultConfigurationIsVisible = 0;
			defaultConfigurationName = Release;
		};
/* End XCConfigurationList section */
	};
	rootObject = 29B97313FDCFA39411CA2CEA /* Project object */;
}
